
Microsoft Visual Studio Solution File, Format Version 12.00
# Visual Studio Version 16
VisualStudioVersion = 16.0.30503.244
MinimumVisualStudioVersion = 10.0.40219.1
Project("{FAE04EC0-301F-11D3-BF4B-00C04F79EFBC}") = "WangDongStealer", "WangDongStealer.csproj", "{5FDC40F1-7639-4B0E-93D6-30762CF95BD0}"
EndProject
Global
	GlobalSection(SolutionConfigurationPlatforms) = preSolution
		Debug|Any CPU = Debug|Any CPU
		Release|Any CPU = Release|Any CPU
	EndGlobalSection
	GlobalSection(ProjectConfigurationPlatforms) = postSolution
		{5FDC40F1-7639-4B0E-93D6-30762CF95BD0}.Debug|Any CPU.ActiveCfg = Debug|Any CPU
		{5FDC40F1-7639-4B0E-93D6-30762CF95BD0}.Debug|Any CPU.Build.0 = Debug|Any CPU
		{5FDC40F1-7639-4B0E-93D6-30762CF95BD0}.Release|Any CPU.ActiveCfg = Release|x86
		{5FDC40F1-7639-4B0E-93D6-30762CF95BD0}.Release|Any CPU.Build.0 = Release|x86
	EndGlobalSection
	GlobalSection(SolutionProperties) = preSolution
		HideSolutionNode = FALSE
	EndGlobalSection
	GlobalSection(ExtensibilityGlobals) = postSolution
		SolutionGuid = {73630C0E-D421-4D5B-9CA2-4344F884D7E5}
	EndGlobalSection
EndGlobal
